// !$*UTF8*$!
{
	archiveVersion = 1;
	classes = {
	};
	objectVersion = 60;
	objects = {

/* Begin PBXBuildFile section */
		511F9C292C10A518009E64A0 /* AlertViewPopover.swift in Sources */ = {isa = PBXBuildFile; fileRef = 511F9C282C10A518009E64A0 /* AlertViewPopover.swift */; };
		5123692C2BF3452F00F275C9 /* PartitionKit in Frameworks */ = {isa = PBXBuildFile; productRef = 5123692B2BF3452F00F275C9 /* PartitionKit */; };
		5123692F2BF3453900F275C9 /* Controls in Frameworks */ = {isa = PBXBuildFile; productRef = 5123692E2BF3453900F275C9 /* Controls */; };
		512369322BF3454600F275C9 /* Flow in Frameworks */ = {isa = PBXBuildFile; productRef = 512369312BF3454600F275C9 /* Flow */; };
		512369352BF3467400F275C9 /* PadControl in Frameworks */ = {isa = PBXBuildFile; platformFilter = ios; productRef = 512369342BF3467400F275C9 /* PadControl */; };
		5123695B2BF34C2000F275C9 /* ControlsDemoApp.swift in Sources */ = {isa = PBXBuildFile; fileRef = 512369502BF34C2000F275C9 /* ControlsDemoApp.swift */; };
		5123695C2BF34C2000F275C9 /* KeyboardDemoView.swift in Sources */ = {isa = PBXBuildFile; fileRef = 512369512BF34C2000F275C9 /* KeyboardDemoView.swift */; };
		5123695D2BF34C2000F275C9 /* ArcKnobDemoView.swift in Sources */ = {isa = PBXBuildFile; fileRef = 512369522BF34C2000F275C9 /* ArcKnobDemoView.swift */; };
		5123695F2BF34C2000F275C9 /* IndexedSliderDemoView.swift in Sources */ = {isa = PBXBuildFile; fileRef = 512369542BF34C2000F275C9 /* IndexedSliderDemoView.swift */; };
		512369602BF34C2000F275C9 /* PitchModWheelDemoView.swift in Sources */ = {isa = PBXBuildFile; fileRef = 512369552BF34C2000F275C9 /* PitchModWheelDemoView.swift */; };
		512369612BF34C2000F275C9 /* RibbonDemoView.swift in Sources */ = {isa = PBXBuildFile; fileRef = 512369562BF34C2000F275C9 /* RibbonDemoView.swift */; };
		512369622BF34C2000F275C9 /* XYPadDemoView.swift in Sources */ = {isa = PBXBuildFile; fileRef = 512369572BF34C2000F275C9 /* XYPadDemoView.swift */; };
		512369632BF34C2000F275C9 /* JoystickDemoView.swift in Sources */ = {isa = PBXBuildFile; fileRef = 512369582BF34C2000F275C9 /* JoystickDemoView.swift */; };
		512369642BF34C2000F275C9 /* SmallKnobDemoView.swift in Sources */ = {isa = PBXBuildFile; fileRef = 512369592BF34C2000F275C9 /* SmallKnobDemoView.swift */; };
		512369652BF34C2000F275C9 /* ContentView1.swift in Sources */ = {isa = PBXBuildFile; fileRef = 5123695A2BF34C2000F275C9 /* ContentView1.swift */; };
		512369682BF5AF0100F275C9 /* Pipeline.swift in Sources */ = {isa = PBXBuildFile; fileRef = 512369672BF5AF0100F275C9 /* Pipeline.swift */; };
		5123696D2BF5ED8400F275C9 /* ViewNode.swift in Sources */ = {isa = PBXBuildFile; fileRef = 5123696C2BF5ED8400F275C9 /* ViewNode.swift */; };
		5123696F2BF5EE1E00F275C9 /* ViewComponentNode.swift in Sources */ = {isa = PBXBuildFile; fileRef = 5123696E2BF5EE1E00F275C9 /* ViewComponentNode.swift */; };
		512369722BF5EE6800F275C9 /* Define.swift in Sources */ = {isa = PBXBuildFile; fileRef = 512369712BF5EE6800F275C9 /* Define.swift */; };
		512506412C1735F0009982B5 /* SwiftUIPager in Frameworks */ = {isa = PBXBuildFile; productRef = 512506402C1735F0009982B5 /* SwiftUIPager */; };
		512506432C1746AA009982B5 /* NodeTemplate.swift in Sources */ = {isa = PBXBuildFile; fileRef = 512506422C1746AA009982B5 /* NodeTemplate.swift */; };
		512622602C14CABF00693321 /* ControlView.swift in Sources */ = {isa = PBXBuildFile; fileRef = 5126225F2C14CABF00693321 /* ControlView.swift */; };
		512622632C155B0900693321 /* Popovers in Frameworks */ = {isa = PBXBuildFile; productRef = 512622622C155B0900693321 /* Popovers */; };
		51AA4B732BF6EBF1008C166C /* ProcessingNode.swift in Sources */ = {isa = PBXBuildFile; fileRef = 51AA4B722BF6EBF1008C166C /* ProcessingNode.swift */; };
		51AA4B772BF6EDE1008C166C /* WMNode.swift in Sources */ = {isa = PBXBuildFile; fileRef = 51AA4B762BF6EDE1008C166C /* WMNode.swift */; };
		51AD40E82BF344EE00CCD68E /* WireMageApp.swift in Sources */ = {isa = PBXBuildFile; fileRef = 51AD40E72BF344EE00CCD68E /* WireMageApp.swift */; };
		51AD40EA2BF344EE00CCD68E /* WireMageDocument.swift in Sources */ = {isa = PBXBuildFile; fileRef = 51AD40E92BF344EE00CCD68E /* WireMageDocument.swift */; };
		51AD40EC2BF344EE00CCD68E /* ContentView.swift in Sources */ = {isa = PBXBuildFile; fileRef = 51AD40EB2BF344EE00CCD68E /* ContentView.swift */; };
		51AD40EE2BF344F000CCD68E /* Assets.xcassets in Resources */ = {isa = PBXBuildFile; fileRef = 51AD40ED2BF344F000CCD68E /* Assets.xcassets */; };
		51AD40F32BF344F000CCD68E /* Preview Assets.xcassets in Resources */ = {isa = PBXBuildFile; fileRef = 51AD40F22BF344F000CCD68E /* Preview Assets.xcassets */; };
		51C08D3C2C160B2700514A84 /* ControlPanel.swift in Sources */ = {isa = PBXBuildFile; fileRef = 51C08D3B2C160B2700514A84 /* ControlPanel.swift */; };
		51C08D3E2C160CBE00514A84 /* WorkSpace.swift in Sources */ = {isa = PBXBuildFile; fileRef = 51C08D3D2C160CBE00514A84 /* WorkSpace.swift */; };
		51C08D402C16CACD00514A84 /* CarControlNode.swift in Sources */ = {isa = PBXBuildFile; fileRef = 51C08D3F2C16CACD00514A84 /* CarControlNode.swift */; };
		51C08D422C16CB3300514A84 /* ConvertNode.swift in Sources */ = {isa = PBXBuildFile; fileRef = 51C08D412C16CB3300514A84 /* ConvertNode.swift */; };
		51D3891F2BF5FF7200209432 /* NodeCreate.swift in Sources */ = {isa = PBXBuildFile; fileRef = 51D3891E2BF5FF7200209432 /* NodeCreate.swift */; };
/* End PBXBuildFile section */

/* Begin PBXFileReference section */
		511F9C282C10A518009E64A0 /* AlertViewPopover.swift */ = {isa = PBXFileReference; lastKnownFileType = sourcecode.swift; path = AlertViewPopover.swift; sourceTree = "<group>"; };
		512369502BF34C2000F275C9 /* ControlsDemoApp.swift */ = {isa = PBXFileReference; fileEncoding = 4; lastKnownFileType = sourcecode.swift; path = ControlsDemoApp.swift; sourceTree = "<group>"; };
		512369512BF34C2000F275C9 /* KeyboardDemoView.swift */ = {isa = PBXFileReference; fileEncoding = 4; lastKnownFileType = sourcecode.swift; path = KeyboardDemoView.swift; sourceTree = "<group>"; };
		512369522BF34C2000F275C9 /* ArcKnobDemoView.swift */ = {isa = PBXFileReference; fileEncoding = 4; lastKnownFileType = sourcecode.swift; path = ArcKnobDemoView.swift; sourceTree = "<group>"; };
		512369542BF34C2000F275C9 /* IndexedSliderDemoView.swift */ = {isa = PBXFileReference; fileEncoding = 4; lastKnownFileType = sourcecode.swift; path = IndexedSliderDemoView.swift; sourceTree = "<group>"; };
		512369552BF34C2000F275C9 /* PitchModWheelDemoView.swift */ = {isa = PBXFileReference; fileEncoding = 4; lastKnownFileType = sourcecode.swift; path = PitchModWheelDemoView.swift; sourceTree = "<group>"; };
		512369562BF34C2000F275C9 /* RibbonDemoView.swift */ = {isa = PBXFileReference; fileEncoding = 4; lastKnownFileType = sourcecode.swift; path = RibbonDemoView.swift; sourceTree = "<group>"; };
		512369572BF34C2000F275C9 /* XYPadDemoView.swift */ = {isa = PBXFileReference; fileEncoding = 4; lastKnownFileType = sourcecode.swift; path = XYPadDemoView.swift; sourceTree = "<group>"; };
		512369582BF34C2000F275C9 /* JoystickDemoView.swift */ = {isa = PBXFileReference; fileEncoding = 4; lastKnownFileType = sourcecode.swift; path = JoystickDemoView.swift; sourceTree = "<group>"; };
		512369592BF34C2000F275C9 /* SmallKnobDemoView.swift */ = {isa = PBXFileReference; fileEncoding = 4; lastKnownFileType = sourcecode.swift; path = SmallKnobDemoView.swift; sourceTree = "<group>"; };
		5123695A2BF34C2000F275C9 /* ContentView1.swift */ = {isa = PBXFileReference; fileEncoding = 4; lastKnownFileType = sourcecode.swift; path = ContentView1.swift; sourceTree = "<group>"; };
		512369672BF5AF0100F275C9 /* Pipeline.swift */ = {isa = PBXFileReference; lastKnownFileType = sourcecode.swift; path = Pipeline.swift; sourceTree = "<group>"; };
		5123696C2BF5ED8400F275C9 /* ViewNode.swift */ = {isa = PBXFileReference; lastKnownFileType = sourcecode.swift; path = ViewNode.swift; sourceTree = "<group>"; };
		5123696E2BF5EE1E00F275C9 /* ViewComponentNode.swift */ = {isa = PBXFileReference; lastKnownFileType = sourcecode.swift; path = ViewComponentNode.swift; sourceTree = "<group>"; };
		512369712BF5EE6800F275C9 /* Define.swift */ = {isa = PBXFileReference; lastKnownFileType = sourcecode.swift; path = Define.swift; sourceTree = "<group>"; };
		512506422C1746AA009982B5 /* NodeTemplate.swift */ = {isa = PBXFileReference; lastKnownFileType = sourcecode.swift; path = NodeTemplate.swift; sourceTree = "<group>"; };
		5126225F2C14CABF00693321 /* ControlView.swift */ = {isa = PBXFileReference; lastKnownFileType = sourcecode.swift; path = ControlView.swift; sourceTree = "<group>"; };
		51AA4B722BF6EBF1008C166C /* ProcessingNode.swift */ = {isa = PBXFileReference; lastKnownFileType = sourcecode.swift; path = ProcessingNode.swift; sourceTree = "<group>"; };
		51AA4B762BF6EDE1008C166C /* WMNode.swift */ = {isa = PBXFileReference; lastKnownFileType = sourcecode.swift; path = WMNode.swift; sourceTree = "<group>"; };
		51AD40E42BF344EE00CCD68E /* WireMage.app */ = {isa = PBXFileReference; explicitFileType = wrapper.application; includeInIndex = 0; path = WireMage.app; sourceTree = BUILT_PRODUCTS_DIR; };
		51AD40E72BF344EE00CCD68E /* WireMageApp.swift */ = {isa = PBXFileReference; lastKnownFileType = sourcecode.swift; path = WireMageApp.swift; sourceTree = "<group>"; };
		51AD40E92BF344EE00CCD68E /* WireMageDocument.swift */ = {isa = PBXFileReference; lastKnownFileType = sourcecode.swift; path = WireMageDocument.swift; sourceTree = "<group>"; };
		51AD40EB2BF344EE00CCD68E /* ContentView.swift */ = {isa = PBXFileReference; lastKnownFileType = sourcecode.swift; path = ContentView.swift; sourceTree = "<group>"; };
		51AD40ED2BF344F000CCD68E /* Assets.xcassets */ = {isa = PBXFileReference; lastKnownFileType = folder.assetcatalog; path = Assets.xcassets; sourceTree = "<group>"; };
		51AD40EF2BF344F000CCD68E /* Info.plist */ = {isa = PBXFileReference; lastKnownFileType = text.plist.xml; path = Info.plist; sourceTree = "<group>"; };
		51AD40F02BF344F000CCD68E /* WireMage.entitlements */ = {isa = PBXFileReference; lastKnownFileType = text.plist.entitlements; path = WireMage.entitlements; sourceTree = "<group>"; };
		51AD40F22BF344F000CCD68E /* Preview Assets.xcassets */ = {isa = PBXFileReference; lastKnownFileType = folder.assetcatalog; path = "Preview Assets.xcassets"; sourceTree = "<group>"; };
		51C08D3B2C160B2700514A84 /* ControlPanel.swift */ = {isa = PBXFileReference; lastKnownFileType = sourcecode.swift; path = ControlPanel.swift; sourceTree = "<group>"; };
		51C08D3D2C160CBE00514A84 /* WorkSpace.swift */ = {isa = PBXFileReference; lastKnownFileType = sourcecode.swift; path = WorkSpace.swift; sourceTree = "<group>"; };
		51C08D3F2C16CACD00514A84 /* CarControlNode.swift */ = {isa = PBXFileReference; lastKnownFileType = sourcecode.swift; path = CarControlNode.swift; sourceTree = "<group>"; };
		51C08D412C16CB3300514A84 /* ConvertNode.swift */ = {isa = PBXFileReference; lastKnownFileType = sourcecode.swift; path = ConvertNode.swift; sourceTree = "<group>"; };
		51D3891E2BF5FF7200209432 /* NodeCreate.swift */ = {isa = PBXFileReference; lastKnownFileType = sourcecode.swift; path = NodeCreate.swift; sourceTree = "<group>"; };
/* End PBXFileReference section */

/* Begin PBXFrameworksBuildPhase section */
		51AD40E12BF344EE00CCD68E /* Frameworks */ = {
			isa = PBXFrameworksBuildPhase;
			buildActionMask = 2147483647;
			files = (
				512622632C155B0900693321 /* Popovers in Frameworks */,
				512369352BF3467400F275C9 /* PadControl in Frameworks */,
				512506412C1735F0009982B5 /* SwiftUIPager in Frameworks */,
				512369322BF3454600F275C9 /* Flow in Frameworks */,
				5123692C2BF3452F00F275C9 /* PartitionKit in Frameworks */,
				5123692F2BF3453900F275C9 /* Controls in Frameworks */,
			);
			runOnlyForDeploymentPostprocessing = 0;
		};
/* End PBXFrameworksBuildPhase section */

/* Begin PBXGroup section */
		511F9C272C10A4F9009E64A0 /* Compon */ = {
			isa = PBXGroup;
			children = (
				511F9C282C10A518009E64A0 /* AlertViewPopover.swift */,
			);
			path = Compon;
			sourceTree = "<group>";
		};
		5123694F2BF34C2000F275C9 /* Shared */ = {
			isa = PBXGroup;
			children = (
				512369502BF34C2000F275C9 /* ControlsDemoApp.swift */,
				512369512BF34C2000F275C9 /* KeyboardDemoView.swift */,
				512369522BF34C2000F275C9 /* ArcKnobDemoView.swift */,
				512369542BF34C2000F275C9 /* IndexedSliderDemoView.swift */,
				512369552BF34C2000F275C9 /* PitchModWheelDemoView.swift */,
				512369562BF34C2000F275C9 /* RibbonDemoView.swift */,
				512369572BF34C2000F275C9 /* XYPadDemoView.swift */,
				512369582BF34C2000F275C9 /* JoystickDemoView.swift */,
				512369592BF34C2000F275C9 /* SmallKnobDemoView.swift */,
				5123695A2BF34C2000F275C9 /* ContentView1.swift */,
			);
			path = Shared;
			sourceTree = "<group>";
		};
		512369662BF5AEF700F275C9 /* Pipeline */ = {
			isa = PBXGroup;
			children = (
				512369672BF5AF0100F275C9 /* Pipeline.swift */,
			);
			path = Pipeline;
			sourceTree = "<group>";
		};
		512369692BF5AF4700F275C9 /* WorkSpace */ = {
			isa = PBXGroup;
			children = (
				51C08D3B2C160B2700514A84 /* ControlPanel.swift */,
				51C08D3D2C160CBE00514A84 /* WorkSpace.swift */,
			);
			path = WorkSpace;
			sourceTree = "<group>";
		};
		5123696B2BF5ED7C00F275C9 /* ViewNode */ = {
			isa = PBXGroup;
			children = (
				5123696C2BF5ED8400F275C9 /* ViewNode.swift */,
				5123696E2BF5EE1E00F275C9 /* ViewComponentNode.swift */,
				5126225F2C14CABF00693321 /* ControlView.swift */,
			);
			path = ViewNode;
			sourceTree = "<group>";
		};
		512369702BF5EE5800F275C9 /* Model */ = {
			isa = PBXGroup;
			children = (
				512369712BF5EE6800F275C9 /* Define.swift */,
			);
			path = Model;
			sourceTree = "<group>";
		};
		51AA4B712BF6EBD9008C166C /* ProcessingNode */ = {
			isa = PBXGroup;
			children = (
				51AA4B722BF6EBF1008C166C /* ProcessingNode.swift */,
				51C08D3F2C16CACD00514A84 /* CarControlNode.swift */,
				51C08D412C16CB3300514A84 /* ConvertNode.swift */,
			);
			path = ProcessingNode;
			sourceTree = "<group>";
		};
		51AA4B752BF6ED10008C166C /* Node */ = {
			isa = PBXGroup;
			children = (
				51AA4B762BF6EDE1008C166C /* WMNode.swift */,
				51AA4B712BF6EBD9008C166C /* ProcessingNode */,
				5123696B2BF5ED7C00F275C9 /* ViewNode */,
			);
			path = Node;
			sourceTree = "<group>";
		};
		51AD40DB2BF344EE00CCD68E = {
			isa = PBXGroup;
			children = (
				51AD40E62BF344EE00CCD68E /* WireMage */,
				51AD40E52BF344EE00CCD68E /* Products */,
			);
			sourceTree = "<group>";
		};
		51AD40E52BF344EE00CCD68E /* Products */ = {
			isa = PBXGroup;
			children = (
				51AD40E42BF344EE00CCD68E /* WireMage.app */,
			);
			name = Products;
			sourceTree = "<group>";
		};
		51AD40E62BF344EE00CCD68E /* WireMage */ = {
			isa = PBXGroup;
			children = (
				511F9C272C10A4F9009E64A0 /* Compon */,
				51AA4B752BF6ED10008C166C /* Node */,
				51D3891D2BF5FF5F00209432 /* NodeCreate */,
				512369702BF5EE5800F275C9 /* Model */,
				512369692BF5AF4700F275C9 /* WorkSpace */,
				512369662BF5AEF700F275C9 /* Pipeline */,
				5123694F2BF34C2000F275C9 /* Shared */,
				51AD40E72BF344EE00CCD68E /* WireMageApp.swift */,
				51AD40E92BF344EE00CCD68E /* WireMageDocument.swift */,
				51AD40EB2BF344EE00CCD68E /* ContentView.swift */,
				51AD40ED2BF344F000CCD68E /* Assets.xcassets */,
				51AD40EF2BF344F000CCD68E /* Info.plist */,
				51AD40F02BF344F000CCD68E /* WireMage.entitlements */,
				51AD40F12BF344F000CCD68E /* Preview Content */,
			);
			path = WireMage;
			sourceTree = "<group>";
		};
		51AD40F12BF344F000CCD68E /* Preview Content */ = {
			isa = PBXGroup;
			children = (
				51AD40F22BF344F000CCD68E /* Preview Assets.xcassets */,
			);
			path = "Preview Content";
			sourceTree = "<group>";
		};
		51D3891D2BF5FF5F00209432 /* NodeCreate */ = {
			isa = PBXGroup;
			children = (
				51D3891E2BF5FF7200209432 /* NodeCreate.swift */,
				512506422C1746AA009982B5 /* NodeTemplate.swift */,
			);
			path = NodeCreate;
			sourceTree = "<group>";
		};
/* End PBXGroup section */

/* Begin PBXNativeTarget section */
		51AD40E32BF344EE00CCD68E /* WireMage */ = {
			isa = PBXNativeTarget;
			buildConfigurationList = 51AD40F62BF344F000CCD68E /* Build configuration list for PBXNativeTarget "WireMage" */;
			buildPhases = (
				51AD40E02BF344EE00CCD68E /* Sources */,
				51AD40E12BF344EE00CCD68E /* Frameworks */,
				51AD40E22BF344EE00CCD68E /* Resources */,
			);
			buildRules = (
			);
			dependencies = (
			);
			name = WireMage;
			packageProductDependencies = (
				5123692B2BF3452F00F275C9 /* PartitionKit */,
				5123692E2BF3453900F275C9 /* Controls */,
				512369312BF3454600F275C9 /* Flow */,
				512369342BF3467400F275C9 /* PadControl */,
				512622622C155B0900693321 /* Popovers */,
				512506402C1735F0009982B5 /* SwiftUIPager */,
			);
			productName = WireMage;
			productReference = 51AD40E42BF344EE00CCD68E /* WireMage.app */;
			productType = "com.apple.product-type.application";
		};
/* End PBXNativeTarget section */

/* Begin PBXProject section */
		51AD40DC2BF344EE00CCD68E /* Project object */ = {
			isa = PBXProject;
			attributes = {
				BuildIndependentTargetsInParallel = 1;
				LastSwiftUpdateCheck = 1520;
				LastUpgradeCheck = 1520;
				TargetAttributes = {
					51AD40E32BF344EE00CCD68E = {
						CreatedOnToolsVersion = 15.2;
					};
				};
			};
			buildConfigurationList = 51AD40DF2BF344EE00CCD68E /* Build configuration list for PBXProject "WireMage" */;
			compatibilityVersion = "Xcode 14.0";
			developmentRegion = en;
			hasScannedForEncodings = 0;
			knownRegions = (
				en,
				Base,
			);
			mainGroup = 51AD40DB2BF344EE00CCD68E;
			packageReferences = (
				5123692A2BF3452F00F275C9 /* XCLocalSwiftPackageReference "../Package/PartitionKit" */,
				5123692D2BF3453900F275C9 /* XCLocalSwiftPackageReference "../Package/Controls" */,
				512369302BF3454600F275C9 /* XCLocalSwiftPackageReference "../Package/Flow" */,
				512369332BF3467400F275C9 /* XCLocalSwiftPackageReference "../Package/PadControl" */,
				512622612C155B0900693321 /* XCLocalSwiftPackageReference "../Package/Popovers" */,
				5125063F2C1735F0009982B5 /* XCLocalSwiftPackageReference "../Package/SwiftUIPager" */,
			);
			productRefGroup = 51AD40E52BF344EE00CCD68E /* Products */;
			projectDirPath = "";
			projectRoot = "";
			targets = (
				51AD40E32BF344EE00CCD68E /* WireMage */,
			);
		};
/* End PBXProject section */

/* Begin PBXResourcesBuildPhase section */
		51AD40E22BF344EE00CCD68E /* Resources */ = {
			isa = PBXResourcesBuildPhase;
			buildActionMask = 2147483647;
			files = (
				51AD40F32BF344F000CCD68E /* Preview Assets.xcassets in Resources */,
				51AD40EE2BF344F000CCD68E /* Assets.xcassets in Resources */,
			);
			runOnlyForDeploymentPostprocessing = 0;
		};
/* End PBXResourcesBuildPhase section */

/* Begin PBXSourcesBuildPhase section */
		51AD40E02BF344EE00CCD68E /* Sources */ = {
			isa = PBXSourcesBuildPhase;
			buildActionMask = 2147483647;
			files = (
				51AD40E82BF344EE00CCD68E /* WireMageApp.swift in Sources */,
				51C08D422C16CB3300514A84 /* ConvertNode.swift in Sources */,
				5123696D2BF5ED8400F275C9 /* ViewNode.swift in Sources */,
				512369682BF5AF0100F275C9 /* Pipeline.swift in Sources */,
				51C08D402C16CACD00514A84 /* CarControlNode.swift in Sources */,
				512369622BF34C2000F275C9 /* XYPadDemoView.swift in Sources */,
				512369652BF34C2000F275C9 /* ContentView1.swift in Sources */,
				5123695D2BF34C2000F275C9 /* ArcKnobDemoView.swift in Sources */,
				5123696F2BF5EE1E00F275C9 /* ViewComponentNode.swift in Sources */,
				512369642BF34C2000F275C9 /* SmallKnobDemoView.swift in Sources */,
				5123695F2BF34C2000F275C9 /* IndexedSliderDemoView.swift in Sources */,
				51AD40EA2BF344EE00CCD68E /* WireMageDocument.swift in Sources */,
				512506432C1746AA009982B5 /* NodeTemplate.swift in Sources */,
				5123695B2BF34C2000F275C9 /* ControlsDemoApp.swift in Sources */,
				51AA4B732BF6EBF1008C166C /* ProcessingNode.swift in Sources */,
				5123695C2BF34C2000F275C9 /* KeyboardDemoView.swift in Sources */,
				51AA4B772BF6EDE1008C166C /* WMNode.swift in Sources */,
				51AD40EC2BF344EE00CCD68E /* ContentView.swift in Sources */,
				512369632BF34C2000F275C9 /* JoystickDemoView.swift in Sources */,
				512369722BF5EE6800F275C9 /* Define.swift in Sources */,
				51C08D3E2C160CBE00514A84 /* WorkSpace.swift in Sources */,
				511F9C292C10A518009E64A0 /* AlertViewPopover.swift in Sources */,
				51C08D3C2C160B2700514A84 /* ControlPanel.swift in Sources */,
				512622602C14CABF00693321 /* ControlView.swift in Sources */,
				51D3891F2BF5FF7200209432 /* NodeCreate.swift in Sources */,
				512369602BF34C2000F275C9 /* PitchModWheelDemoView.swift in Sources */,
				512369612BF34C2000F275C9 /* RibbonDemoView.swift in Sources */,
			);
			runOnlyForDeploymentPostprocessing = 0;
		};
/* End PBXSourcesBuildPhase section */

/* Begin XCBuildConfiguration section */
		51AD40F42BF344F000CCD68E /* Debug */ = {
			isa = XCBuildConfiguration;
			buildSettings = {
				ALWAYS_SEARCH_USER_PATHS = NO;
				ASSETCATALOG_COMPILER_GENERATE_SWIFT_ASSET_SYMBOL_EXTENSIONS = YES;
				CLANG_ANALYZER_NONNULL = YES;
				CLANG_ANALYZER_NUMBER_OBJECT_CONVERSION = YES_AGGRESSIVE;
				CLANG_CXX_LANGUAGE_STANDARD = "gnu++20";
				CLANG_ENABLE_MODULES = YES;
				CLANG_ENABLE_OBJC_ARC = YES;
				CLANG_ENABLE_OBJC_WEAK = YES;
				CLANG_WARN_BLOCK_CAPTURE_AUTORELEASING = YES;
				CLANG_WARN_BOOL_CONVERSION = YES;
				CLANG_WARN_COMMA = YES;
				CLANG_WARN_CONSTANT_CONVERSION = YES;
				CLANG_WARN_DEPRECATED_OBJC_IMPLEMENTATIONS = YES;
				CLANG_WARN_DIRECT_OBJC_ISA_USAGE = YES_ERROR;
				CLANG_WARN_DOCUMENTATION_COMMENTS = YES;
				CLANG_WARN_EMPTY_BODY = YES;
				CLANG_WARN_ENUM_CONVERSION = YES;
				CLANG_WARN_INFINITE_RECURSION = YES;
				CLANG_WARN_INT_CONVERSION = YES;
				CLANG_WARN_NON_LITERAL_NULL_CONVERSION = YES;
				CLANG_WARN_OBJC_IMPLICIT_RETAIN_SELF = YES;
				CLANG_WARN_OBJC_LITERAL_CONVERSION = YES;
				CLANG_WARN_OBJC_ROOT_CLASS = YES_ERROR;
				CLANG_WARN_QUOTED_INCLUDE_IN_FRAMEWORK_HEADER = YES;
				CLANG_WARN_RANGE_LOOP_ANALYSIS = YES;
				CLANG_WARN_STRICT_PROTOTYPES = YES;
				CLANG_WARN_SUSPICIOUS_MOVE = YES;
				CLANG_WARN_UNGUARDED_AVAILABILITY = YES_AGGRESSIVE;
				CLANG_WARN_UNREACHABLE_CODE = YES;
				CLANG_WARN__DUPLICATE_METHOD_MATCH = YES;
				COPY_PHASE_STRIP = NO;
				DEBUG_INFORMATION_FORMAT = dwarf;
				ENABLE_STRICT_OBJC_MSGSEND = YES;
				ENABLE_TESTABILITY = YES;
				ENABLE_USER_SCRIPT_SANDBOXING = YES;
				GCC_C_LANGUAGE_STANDARD = gnu17;
				GCC_DYNAMIC_NO_PIC = NO;
				GCC_NO_COMMON_BLOCKS = YES;
				GCC_OPTIMIZATION_LEVEL = 0;
				GCC_PREPROCESSOR_DEFINITIONS = (
					"DEBUG=1",
					"$(inherited)",
				);
				GCC_WARN_64_TO_32_BIT_CONVERSION = YES;
				GCC_WARN_ABOUT_RETURN_TYPE = YES_ERROR;
				GCC_WARN_UNDECLARED_SELECTOR = YES;
				GCC_WARN_UNINITIALIZED_AUTOS = YES_AGGRESSIVE;
				GCC_WARN_UNUSED_FUNCTION = YES;
				GCC_WARN_UNUSED_VARIABLE = YES;
				LOCALIZATION_PREFERS_STRING_CATALOGS = YES;
				MTL_ENABLE_DEBUG_INFO = INCLUDE_SOURCE;
				MTL_FAST_MATH = YES;
				ONLY_ACTIVE_ARCH = YES;
				SWIFT_ACTIVE_COMPILATION_CONDITIONS = "DEBUG $(inherited)";
				SWIFT_OPTIMIZATION_LEVEL = "-Onone";
			};
			name = Debug;
		};
		51AD40F52BF344F000CCD68E /* Release */ = {
			isa = XCBuildConfiguration;
			buildSettings = {
				ALWAYS_SEARCH_USER_PATHS = NO;
				ASSETCATALOG_COMPILER_GENERATE_SWIFT_ASSET_SYMBOL_EXTENSIONS = YES;
				CLANG_ANALYZER_NONNULL = YES;
				CLANG_ANALYZER_NUMBER_OBJECT_CONVERSION = YES_AGGRESSIVE;
				CLANG_CXX_LANGUAGE_STANDARD = "gnu++20";
				CLANG_ENABLE_MODULES = YES;
				CLANG_ENABLE_OBJC_ARC = YES;
				CLANG_ENABLE_OBJC_WEAK = YES;
				CLANG_WARN_BLOCK_CAPTURE_AUTORELEASING = YES;
				CLANG_WARN_BOOL_CONVERSION = YES;
				CLANG_WARN_COMMA = YES;
				CLANG_WARN_CONSTANT_CONVERSION = YES;
				CLANG_WARN_DEPRECATED_OBJC_IMPLEMENTATIONS = YES;
				CLANG_WARN_DIRECT_OBJC_ISA_USAGE = YES_ERROR;
				CLANG_WARN_DOCUMENTATION_COMMENTS = YES;
				CLANG_WARN_EMPTY_BODY = YES;
				CLANG_WARN_ENUM_CONVERSION = YES;
				CLANG_WARN_INFINITE_RECURSION = YES;
				CLANG_WARN_INT_CONVERSION = YES;
				CLANG_WARN_NON_LITERAL_NULL_CONVERSION = YES;
				CLANG_WARN_OBJC_IMPLICIT_RETAIN_SELF = YES;
				CLANG_WARN_OBJC_LITERAL_CONVERSION = YES;
				CLANG_WARN_OBJC_ROOT_CLASS = YES_ERROR;
				CLANG_WARN_QUOTED_INCLUDE_IN_FRAMEWORK_HEADER = YES;
				CLANG_WARN_RANGE_LOOP_ANALYSIS = YES;
				CLANG_WARN_STRICT_PROTOTYPES = YES;
				CLANG_WARN_SUSPICIOUS_MOVE = YES;
				CLANG_WARN_UNGUARDED_AVAILABILITY = YES_AGGRESSIVE;
				CLANG_WARN_UNREACHABLE_CODE = YES;
				CLANG_WARN__DUPLICATE_METHOD_MATCH = YES;
				COPY_PHASE_STRIP = NO;
				DEBUG_INFORMATION_FORMAT = "dwarf-with-dsym";
				ENABLE_NS_ASSERTIONS = NO;
				ENABLE_STRICT_OBJC_MSGSEND = YES;
				ENABLE_USER_SCRIPT_SANDBOXING = YES;
				GCC_C_LANGUAGE_STANDARD = gnu17;
				GCC_NO_COMMON_BLOCKS = YES;
				GCC_WARN_64_TO_32_BIT_CONVERSION = YES;
				GCC_WARN_ABOUT_RETURN_TYPE = YES_ERROR;
				GCC_WARN_UNDECLARED_SELECTOR = YES;
				GCC_WARN_UNINITIALIZED_AUTOS = YES_AGGRESSIVE;
				GCC_WARN_UNUSED_FUNCTION = YES;
				GCC_WARN_UNUSED_VARIABLE = YES;
				LOCALIZATION_PREFERS_STRING_CATALOGS = YES;
				MTL_ENABLE_DEBUG_INFO = NO;
				MTL_FAST_MATH = YES;
				SWIFT_COMPILATION_MODE = wholemodule;
			};
			name = Release;
		};
		51AD40F72BF344F000CCD68E /* Debug */ = {
			isa = XCBuildConfiguration;
			buildSettings = {
				ASSETCATALOG_COMPILER_APPICON_NAME = AppIcon;
				ASSETCATALOG_COMPILER_GLOBAL_ACCENT_COLOR_NAME = AccentColor;
				CODE_SIGN_ENTITLEMENTS = WireMage/WireMage.entitlements;
				CODE_SIGN_STYLE = Automatic;
				CURRENT_PROJECT_VERSION = 1;
				DEVELOPMENT_ASSET_PATHS = "\"WireMage/Preview Content\"";
				DEVELOPMENT_TEAM = 2Y7KRW9SPL;
				ENABLE_PREVIEWS = YES;
				GENERATE_INFOPLIST_FILE = YES;
				INFOPLIST_FILE = WireMage/Info.plist;
				"INFOPLIST_KEY_UIApplicationSceneManifest_Generation[sdk=iphoneos*]" = YES;
				"INFOPLIST_KEY_UIApplicationSceneManifest_Generation[sdk=iphonesimulator*]" = YES;
				"INFOPLIST_KEY_UIApplicationSupportsIndirectInputEvents[sdk=iphoneos*]" = YES;
				"INFOPLIST_KEY_UIApplicationSupportsIndirectInputEvents[sdk=iphonesimulator*]" = YES;
				"INFOPLIST_KEY_UILaunchScreen_Generation[sdk=iphoneos*]" = YES;
				"INFOPLIST_KEY_UILaunchScreen_Generation[sdk=iphonesimulator*]" = YES;
				"INFOPLIST_KEY_UIStatusBarStyle[sdk=iphoneos*]" = UIStatusBarStyleDefault;
				"INFOPLIST_KEY_UIStatusBarStyle[sdk=iphonesimulator*]" = UIStatusBarStyleDefault;
				INFOPLIST_KEY_UISupportedInterfaceOrientations_iPad = "UIInterfaceOrientationPortrait UIInterfaceOrientationPortraitUpsideDown UIInterfaceOrientationLandscapeLeft UIInterfaceOrientationLandscapeRight";
				INFOPLIST_KEY_UISupportedInterfaceOrientations_iPhone = "UIInterfaceOrientationPortrait UIInterfaceOrientationLandscapeLeft UIInterfaceOrientationLandscapeRight";
				"INFOPLIST_KEY_UISupportsDocumentBrowser[sdk=iphoneos*]" = YES;
				"INFOPLIST_KEY_UISupportsDocumentBrowser[sdk=iphonesimulator*]" = YES;
				IPHONEOS_DEPLOYMENT_TARGET = 16.0;
				LD_RUNPATH_SEARCH_PATHS = "@executable_path/Frameworks";
				"LD_RUNPATH_SEARCH_PATHS[sdk=macosx*]" = "@executable_path/../Frameworks";
				MACOSX_DEPLOYMENT_TARGET = 14.0;
				MARKETING_VERSION = 1.0;
				PRODUCT_BUNDLE_IDENTIFIER = com.imengX.WireMage;
				PRODUCT_NAME = "$(TARGET_NAME)";
				SDKROOT = auto;
				SUPPORTED_PLATFORMS = "iphoneos iphonesimulator macosx";
				SWIFT_EMIT_LOC_STRINGS = YES;
				SWIFT_VERSION = 5.0;
				TARGETED_DEVICE_FAMILY = "1,2";
			};
			name = Debug;
		};
		51AD40F82BF344F000CCD68E /* Release */ = {
			isa = XCBuildConfiguration;
			buildSettings = {
				ASSETCATALOG_COMPILER_APPICON_NAME = AppIcon;
				ASSETCATALOG_COMPILER_GLOBAL_ACCENT_COLOR_NAME = AccentColor;
				CODE_SIGN_ENTITLEMENTS = WireMage/WireMage.entitlements;
				CODE_SIGN_STYLE = Automatic;
				CURRENT_PROJECT_VERSION = 1;
				DEVELOPMENT_ASSET_PATHS = "\"WireMage/Preview Content\"";
				DEVELOPMENT_TEAM = 2Y7KRW9SPL;
				ENABLE_PREVIEWS = YES;
				GENERATE_INFOPLIST_FILE = YES;
				INFOPLIST_FILE = WireMage/Info.plist;
				"INFOPLIST_KEY_UIApplicationSceneManifest_Generation[sdk=iphoneos*]" = YES;
				"INFOPLIST_KEY_UIApplicationSceneManifest_Generation[sdk=iphonesimulator*]" = YES;
				"INFOPLIST_KEY_UIApplicationSupportsIndirectInputEvents[sdk=iphoneos*]" = YES;
				"INFOPLIST_KEY_UIApplicationSupportsIndirectInputEvents[sdk=iphonesimulator*]" = YES;
				"INFOPLIST_KEY_UILaunchScreen_Generation[sdk=iphoneos*]" = YES;
				"INFOPLIST_KEY_UILaunchScreen_Generation[sdk=iphonesimulator*]" = YES;
				"INFOPLIST_KEY_UIStatusBarStyle[sdk=iphoneos*]" = UIStatusBarStyleDefault;
				"INFOPLIST_KEY_UIStatusBarStyle[sdk=iphonesimulator*]" = UIStatusBarStyleDefault;
				INFOPLIST_KEY_UISupportedInterfaceOrientations_iPad = "UIInterfaceOrientationPortrait UIInterfaceOrientationPortraitUpsideDown UIInterfaceOrientationLandscapeLeft UIInterfaceOrientationLandscapeRight";
				INFOPLIST_KEY_UISupportedInterfaceOrientations_iPhone = "UIInterfaceOrientationPortrait UIInterfaceOrientationLandscapeLeft UIInterfaceOrientationLandscapeRight";
				"INFOPLIST_KEY_UISupportsDocumentBrowser[sdk=iphoneos*]" = YES;
				"INFOPLIST_KEY_UISupportsDocumentBrowser[sdk=iphonesimulator*]" = YES;
				IPHONEOS_DEPLOYMENT_TARGET = 16.0;
				LD_RUNPATH_SEARCH_PATHS = "@executable_path/Frameworks";
				"LD_RUNPATH_SEARCH_PATHS[sdk=macosx*]" = "@executable_path/../Frameworks";
				MACOSX_DEPLOYMENT_TARGET = 14.0;
				MARKETING_VERSION = 1.0;
				PRODUCT_BUNDLE_IDENTIFIER = com.imengX.WireMage;
				PRODUCT_NAME = "$(TARGET_NAME)";
				SDKROOT = auto;
				SUPPORTED_PLATFORMS = "iphoneos iphonesimulator macosx";
				SWIFT_EMIT_LOC_STRINGS = YES;
				SWIFT_VERSION = 5.0;
				TARGETED_DEVICE_FAMILY = "1,2";
			};
			name = Release;
		};
/* End XCBuildConfiguration section */

/* Begin XCConfigurationList section */
		51AD40DF2BF344EE00CCD68E /* Build configuration list for PBXProject "WireMage" */ = {
			isa = XCConfigurationList;
			buildConfigurations = (
				51AD40F42BF344F000CCD68E /* Debug */,
				51AD40F52BF344F000CCD68E /* Release */,
			);
			defaultConfigurationIsVisible = 0;
			defaultConfigurationName = Release;
		};
		51AD40F62BF344F000CCD68E /* Build configuration list for PBXNativeTarget "WireMage" */ = {
			isa = XCConfigurationList;
			buildConfigurations = (
				51AD40F72BF344F000CCD68E /* Debug */,
				51AD40F82BF344F000CCD68E /* Release */,
			);
			defaultConfigurationIsVisible = 0;
			defaultConfigurationName = Release;
		};
/* End XCConfigurationList section */

/* Begin XCLocalSwiftPackageReference section */
		5123692A2BF3452F00F275C9 /* XCLocalSwiftPackageReference "../Package/PartitionKit" */ = {
			isa = XCLocalSwiftPackageReference;
			relativePath = ../Package/PartitionKit;
		};
		5123692D2BF3453900F275C9 /* XCLocalSwiftPackageReference "../Package/Controls" */ = {
			isa = XCLocalSwiftPackageReference;
			relativePath = ../Package/Controls;
		};
		512369302BF3454600F275C9 /* XCLocalSwiftPackageReference "../Package/Flow" */ = {
			isa = XCLocalSwiftPackageReference;
			relativePath = ../Package/Flow;
		};
		512369332BF3467400F275C9 /* XCLocalSwiftPackageReference "../Package/PadControl" */ = {
			isa = XCLocalSwiftPackageReference;
			relativePath = ../Package/PadControl;
		};
		5125063F2C1735F0009982B5 /* XCLocalSwiftPackageReference "../Package/SwiftUIPager" */ = {
			isa = XCLocalSwiftPackageReference;
			relativePath = ../Package/SwiftUIPager;
		};
		512622612C155B0900693321 /* XCLocalSwiftPackageReference "../Package/Popovers" */ = {
			isa = XCLocalSwiftPackageReference;
			relativePath = ../Package/Popovers;
		};
/* End XCLocalSwiftPackageReference section */

/* Begin XCSwiftPackageProductDependency section */
		5123692B2BF3452F00F275C9 /* PartitionKit */ = {
			isa = XCSwiftPackageProductDependency;
			productName = PartitionKit;
		};
		5123692E2BF3453900F275C9 /* Controls */ = {
			isa = XCSwiftPackageProductDependency;
			productName = Controls;
		};
		512369312BF3454600F275C9 /* Flow */ = {
			isa = XCSwiftPackageProductDependency;
			productName = Flow;
		};
		512369342BF3467400F275C9 /* PadControl */ = {
			isa = XCSwiftPackageProductDependency;
			productName = PadControl;
		};
		512506402C1735F0009982B5 /* SwiftUIPager */ = {
			isa = XCSwiftPackageProductDependency;
			productName = SwiftUIPager;
		};
		512622622C155B0900693321 /* Popovers */ = {
			isa = XCSwiftPackageProductDependency;
			productName = Popovers;
		};
/* End XCSwiftPackageProductDependency section */
	};
	rootObject = 51AD40DC2BF344EE00CCD68E /* Project object */;
}
